PODS:
  - Coordinators (1.1.9):
    - RxSwift
  - Nimble (9.2.0)
  - Quick (4.0.0)
  - RxSwift (6.2.0)

DEPENDENCIES:
  - Coordinators (from `../`)
  - Nimble
  - Quick

SPEC REPOS:
  trunk:
    - Nimble
    - Quick
    - RxSwift

EXTERNAL SOURCES:
  Coordinators:
    :path: "../"

SPEC CHECKSUMS:
  Coordinators: b9e5a7df72728ead2c4d5045d1d6c5944871af07
  Nimble: 4f4a345c80b503b3ea13606a4f98405974ee4d0b
  Quick: 6473349e43b9271a8d43839d9ba1c442ed1b7ac4
  RxSwift: d356ab7bee873611322f134c5f9ef379fa183d8f

PODFILE CHECKSUM: 628a10c352c7281644f51740288952e9cf4b4450

COCOAPODS: 1.10.1
