PODS:
  - Coordinators (1.1.5):
    - RxSwift
  - Nimble (8.0.4)
  - Quick (2.2.0)
  - RxSwift (5.0.0)

DEPENDENCIES:
  - Coordinators (from `../`)
  - Nimble
  - Quick

SPEC REPOS:
  trunk:
    - Nimble
    - Quick
    - RxSwift

EXTERNAL SOURCES:
  Coordinators:
    :path: "../"

SPEC CHECKSUMS:
  Coordinators: cb844b0bd4d4ccbb7b8f70e625f9c92a8acb2f04
  Nimble: 18d5360282923225d62b09d781f63abc1a0111fc
  Quick: 7fb19e13be07b5dfb3b90d4f9824c855a11af40e
  RxSwift: 8b0671caa829a763bbce7271095859121cbd895f

PODFILE CHECKSUM: 628a10c352c7281644f51740288952e9cf4b4450

COCOAPODS: 1.8.1
