PODS:
  - Coordinators (1.0.0):
    - RxSwift (= 4.3.1)
  - Nimble (7.3.1)
  - Quick (1.3.2)
  - RxSwift (4.3.1)

DEPENDENCIES:
  - Coordinators (from `../`)
  - Nimble (= 7.3.1)
  - Quick (= 1.3.2)

SPEC REPOS:
  https://github.com/cocoapods/specs.git:
    - Nimble
    - Quick
    - RxSwift

EXTERNAL SOURCES:
  Coordinators:
    :path: "../"

SPEC CHECKSUMS:
  Coordinators: ea0dbe98a5553ff01106ba7a233905a6077e9e2b
  Nimble: 04f732da099ea4d153122aec8c2a88fd0c7219ae
  Quick: 2623cb30d7a7f41ca62f684f679586558f483d46
  RxSwift: fe0fd770a43acdb7d0a53da411c9b892e69bb6e4

PODFILE CHECKSUM: 0a40c97668aa1a3a82f9b730fd1d04e0917aa282

COCOAPODS: 1.6.1
